{
  "version": "5",
  "remote": {
    "https://esm.sh/@supabase/supabase-js@2.39.3": "832d7714491bd1c8a9008a332b35cb099f24b451ad79e755ecf4d71985fd6610",
    "https://esm.sh/date-fns-tz@3.0.0": "b56ce00ba528973eb04857ca57ff18a5f60fce07d9993c2678bad39c59c9efbc",
    "https://esm.sh/date-fns@3.6.0": "5d26302ab9da2db6d87a3777e2d703acf8cb26e16ca69d2a7763292c1105ab88"
  },
  "workspace": {
    "packageJson": {
      "dependencies": [
        "npm:@eslint/js@^9.9.0",
        "npm:@gsap/react@^2.1.2",
        "npm:@hookform/resolvers@^3.9.0",
        "npm:@openai/chatkit-react@^1.1.1",
        "npm:@radix-ui/react-accordion@^1.2.0",
        "npm:@radix-ui/react-alert-dialog@^1.1.1",
        "npm:@radix-ui/react-aspect-ratio@^1.1.0",
        "npm:@radix-ui/react-avatar@^1.1.0",
        "npm:@radix-ui/react-checkbox@^1.1.1",
        "npm:@radix-ui/react-collapsible@^1.1.0",
        "npm:@radix-ui/react-context-menu@^2.2.1",
        "npm:@radix-ui/react-dialog@^1.1.2",
        "npm:@radix-ui/react-dropdown-menu@^2.1.1",
        "npm:@radix-ui/react-hover-card@^1.1.1",
        "npm:@radix-ui/react-label@^2.1.0",
        "npm:@radix-ui/react-menubar@^1.1.1",
        "npm:@radix-ui/react-navigation-menu@^1.2.0",
        "npm:@radix-ui/react-popover@^1.1.1",
        "npm:@radix-ui/react-progress@^1.1.0",
        "npm:@radix-ui/react-radio-group@^1.2.0",
        "npm:@radix-ui/react-scroll-area@^1.1.0",
        "npm:@radix-ui/react-select@^2.1.1",
        "npm:@radix-ui/react-separator@^1.1.0",
        "npm:@radix-ui/react-slider@^1.2.0",
        "npm:@radix-ui/react-slot@^1.1.0",
        "npm:@radix-ui/react-switch@^1.1.0",
        "npm:@radix-ui/react-tabs@^1.1.0",
        "npm:@radix-ui/react-toast@^1.2.1",
        "npm:@radix-ui/react-toggle-group@^1.1.0",
        "npm:@radix-ui/react-toggle@^1.1.0",
        "npm:@radix-ui/react-tooltip@^1.1.4",
        "npm:@react-three/fiber@8.15.19",
        "npm:@react-three/postprocessing@2.16.2",
        "npm:@revenuecat/purchases-js@^1.18.0",
        "npm:@stripe/stripe-js@8",
        "npm:@supabase/supabase-js@^2.50.0",
        "npm:@tabler/icons-react@^3.35.0",
        "npm:@tailwindcss/typography@~0.5.15",
        "npm:@tanstack/react-query@^5.56.2",
        "npm:@tryghost/content-api@^1.12.0",
        "npm:@types/node@^22.5.5",
        "npm:@types/react-dom@^18.3.0",
        "npm:@types/react@^18.3.3",
        "npm:@types/three@0.160.0",
        "npm:@vitejs/plugin-react-swc@^3.5.0",
        "npm:autoprefixer@^10.4.20",
        "npm:class-variance-authority@~0.7.1",
        "npm:clsx@^2.1.1",
        "npm:cmdk@1",
        "npm:date-fns-tz@^3.2.0",
        "npm:date-fns@^3.6.0",
        "npm:dotenv@^17.2.3",
        "npm:embla-carousel-react@^8.3.0",
        "npm:eslint-plugin-react-hooks@^5.1.0-rc.0",
        "npm:eslint-plugin-react-refresh@~0.4.9",
        "npm:eslint@^9.9.0",
        "npm:globals@^15.9.0",
        "npm:gsap@^3.13.0",
        "npm:input-otp@^1.2.4",
        "npm:lenis@^1.3.11",
        "npm:lottie-react@^2.4.1",
        "npm:lovable-tagger@^1.1.7",
        "npm:lucide-react@0.462",
        "npm:marked@^12.0.2",
        "npm:mixpanel-browser@^2.71.0",
        "npm:motion@^12.23.24",
        "npm:next-themes@0.3",
        "npm:node-fetch@^3.3.2",
        "npm:node-vibrant@^4.0.4",
        "npm:ogl@^1.0.11",
        "npm:phosphor-react@^1.4.1",
        "npm:postcss@^8.4.47",
        "npm:postprocessing@6.34.3",
        "npm:puppeteer@^24.25.0",
        "npm:react-day-picker@^8.10.1",
        "npm:react-dom@^18.3.1",
        "npm:react-helmet-async@^2.0.5",
        "npm:react-hook-form@^7.53.0",
        "npm:react-progressive-blur@^1.0.6",
        "npm:react-resizable-panels@^2.1.3",
        "npm:react-router-dom@^6.26.2",
        "npm:react@^18.3.1",
        "npm:recharts@^2.12.7",
        "npm:sanitize-html@^2.14.0",
        "npm:sonner@^1.5.0",
        "npm:stripe@^19.1.0",
        "npm:tailwind-merge@^2.5.2",
        "npm:tailwindcss-animate@^1.0.7",
        "npm:tailwindcss@^3.4.11",
        "npm:three@0.160.1",
        "npm:typescript-eslint@^8.0.1",
        "npm:typescript@^5.5.3",
        "npm:vaul@~0.9.3",
        "npm:vite@^5.4.1",
        "npm:vitest@^3.2.4",
        "npm:zod@^3.23.8"
      ]
    }
  }
}
